// !$*UTF8*$!
{
	archiveVersion = 1;
	classes = {
	};
	objectVersion = 50;
	objects = {

/* Begin PBXBuildFile section */
		899D45BC25CB733400F5118D /* SPWApp.swift in Sources */ = {isa = PBXBuildFile; fileRef = 899D45BB25CB733400F5118D /* SPWApp.swift */; };
		899D45BE25CB733400F5118D /* HomeScreen.swift in Sources */ = {isa = PBXBuildFile; fileRef = 899D45BD25CB733400F5118D /* HomeScreen.swift */; };
		899D45C025CB733400F5118D /* Assets.xcassets in Resources */ = {isa = PBXBuildFile; fileRef = 899D45BF25CB733400F5118D /* Assets.xcassets */; };
		899D45CD25CB75D600F5118D /* Color+Extension.swift in Sources */ = {isa = PBXBuildFile; fileRef = 899D45CC25CB75D600F5118D /* Color+Extension.swift */; };
		899D45D225CB7A5C00F5118D /* Line.swift in Sources */ = {isa = PBXBuildFile; fileRef = 899D45D125CB7A5C00F5118D /* Line.swift */; };
		899D45D625CB81A500F5118D /* SPWButton.swift in Sources */ = {isa = PBXBuildFile; fileRef = 899D45D525CB81A500F5118D /* SPWButton.swift */; };
		899D45DA25CB872500F5118D /* Question.swift in Sources */ = {isa = PBXBuildFile; fileRef = 899D45D925CB872500F5118D /* Question.swift */; };
		899D45DE25CB873200F5118D /* Answer.swift in Sources */ = {isa = PBXBuildFile; fileRef = 899D45DD25CB873200F5118D /* Answer.swift */; };
		899D45E125CB87B400F5118D /* Option.swift in Sources */ = {isa = PBXBuildFile; fileRef = 899D45E025CB87B400F5118D /* Option.swift */; };
		899D45EA25CB957F00F5118D /* questions.json in Resources */ = {isa = PBXBuildFile; fileRef = 899D45E825CB957F00F5118D /* questions.json */; };
		899D45EB25CB957F00F5118D /* answers.json in Resources */ = {isa = PBXBuildFile; fileRef = 899D45E925CB957F00F5118D /* answers.json */; };
		899D45EE25CB978A00F5118D /* OptionView.swift in Sources */ = {isa = PBXBuildFile; fileRef = 899D45ED25CB978A00F5118D /* OptionView.swift */; };
		899D45F625CB9BEC00F5118D /* HomeViewModel.swift in Sources */ = {isa = PBXBuildFile; fileRef = 899D45F525CB9BEC00F5118D /* HomeViewModel.swift */; };
		899D45FB25CB9C5B00F5118D /* SPWRepository.swift in Sources */ = {isa = PBXBuildFile; fileRef = 899D45FA25CB9C5B00F5118D /* SPWRepository.swift */; };
/* End PBXBuildFile section */

/* Begin PBXFileReference section */
		899D45B825CB733400F5118D /* SwiftUI Property Wrapper.app */ = {isa = PBXFileReference; explicitFileType = wrapper.application; includeInIndex = 0; path = "SwiftUI Property Wrapper.app"; sourceTree = BUILT_PRODUCTS_DIR; };
		899D45BB25CB733400F5118D /* SPWApp.swift */ = {isa = PBXFileReference; lastKnownFileType = sourcecode.swift; path = SPWApp.swift; sourceTree = "<group>"; };
		899D45BD25CB733400F5118D /* HomeScreen.swift */ = {isa = PBXFileReference; lastKnownFileType = sourcecode.swift; path = HomeScreen.swift; sourceTree = "<group>"; };
		899D45BF25CB733400F5118D /* Assets.xcassets */ = {isa = PBXFileReference; lastKnownFileType = folder.assetcatalog; path = Assets.xcassets; sourceTree = "<group>"; };
		899D45C425CB733400F5118D /* Info.plist */ = {isa = PBXFileReference; lastKnownFileType = text.plist.xml; path = Info.plist; sourceTree = "<group>"; };
		899D45CC25CB75D600F5118D /* Color+Extension.swift */ = {isa = PBXFileReference; lastKnownFileType = sourcecode.swift; path = "Color+Extension.swift"; sourceTree = "<group>"; };
		899D45D125CB7A5C00F5118D /* Line.swift */ = {isa = PBXFileReference; lastKnownFileType = sourcecode.swift; path = Line.swift; sourceTree = "<group>"; };
		899D45D525CB81A500F5118D /* SPWButton.swift */ = {isa = PBXFileReference; lastKnownFileType = sourcecode.swift; path = SPWButton.swift; sourceTree = "<group>"; };
		899D45D925CB872500F5118D /* Question.swift */ = {isa = PBXFileReference; lastKnownFileType = sourcecode.swift; path = Question.swift; sourceTree = "<group>"; };
		899D45DD25CB873200F5118D /* Answer.swift */ = {isa = PBXFileReference; lastKnownFileType = sourcecode.swift; path = Answer.swift; sourceTree = "<group>"; };
		899D45E025CB87B400F5118D /* Option.swift */ = {isa = PBXFileReference; lastKnownFileType = sourcecode.swift; path = Option.swift; sourceTree = "<group>"; };
		899D45E825CB957F00F5118D /* questions.json */ = {isa = PBXFileReference; fileEncoding = 4; lastKnownFileType = text.json; path = questions.json; sourceTree = "<group>"; };
		899D45E925CB957F00F5118D /* answers.json */ = {isa = PBXFileReference; fileEncoding = 4; lastKnownFileType = text.json; path = answers.json; sourceTree = "<group>"; };
		899D45ED25CB978A00F5118D /* OptionView.swift */ = {isa = PBXFileReference; lastKnownFileType = sourcecode.swift; path = OptionView.swift; sourceTree = "<group>"; };
		899D45F525CB9BEC00F5118D /* HomeViewModel.swift */ = {isa = PBXFileReference; lastKnownFileType = sourcecode.swift; path = HomeViewModel.swift; sourceTree = "<group>"; };
		899D45FA25CB9C5B00F5118D /* SPWRepository.swift */ = {isa = PBXFileReference; lastKnownFileType = sourcecode.swift; path = SPWRepository.swift; sourceTree = "<group>"; };
/* End PBXFileReference section */

/* Begin PBXFrameworksBuildPhase section */
		899D45B525CB733300F5118D /* Frameworks */ = {
			isa = PBXFrameworksBuildPhase;
			buildActionMask = 2147483647;
			files = (
			);
			runOnlyForDeploymentPostprocessing = 0;
		};
/* End PBXFrameworksBuildPhase section */

/* Begin PBXGroup section */
		899D45AF25CB733300F5118D = {
			isa = PBXGroup;
			children = (
				899D45BA25CB733400F5118D /* SwiftUI Property Wrapper */,
				899D45B925CB733400F5118D /* Products */,
			);
			sourceTree = "<group>";
		};
		899D45B925CB733400F5118D /* Products */ = {
			isa = PBXGroup;
			children = (
				899D45B825CB733400F5118D /* SwiftUI Property Wrapper.app */,
			);
			name = Products;
			sourceTree = "<group>";
		};
		899D45BA25CB733400F5118D /* SwiftUI Property Wrapper */ = {
			isa = PBXGroup;
			children = (
				899D45F825CB9C4200F5118D /* Data */,
				899D45F025CB9B6300F5118D /* UI */,
				899D45D825CB871900F5118D /* Model */,
				899D45CB25CB75AB00F5118D /* Extension */,
				899D45E325CB940800F5118D /* Resource */,
				899D45BB25CB733400F5118D /* SPWApp.swift */,
				899D45C425CB733400F5118D /* Info.plist */,
			);
			path = "SwiftUI Property Wrapper";
			sourceTree = "<group>";
		};
		899D45CB25CB75AB00F5118D /* Extension */ = {
			isa = PBXGroup;
			children = (
				899D45CC25CB75D600F5118D /* Color+Extension.swift */,
			);
			path = Extension;
			sourceTree = "<group>";
		};
		899D45D025CB7A4E00F5118D /* Component */ = {
			isa = PBXGroup;
			children = (
				899D45D125CB7A5C00F5118D /* Line.swift */,
				899D45D525CB81A500F5118D /* SPWButton.swift */,
				899D45ED25CB978A00F5118D /* OptionView.swift */,
			);
			path = Component;
			sourceTree = "<group>";
		};
		899D45D825CB871900F5118D /* Model */ = {
			isa = PBXGroup;
			children = (
				899D45D925CB872500F5118D /* Question.swift */,
				899D45DD25CB873200F5118D /* Answer.swift */,
				899D45E025CB87B400F5118D /* Option.swift */,
			);
			path = Model;
			sourceTree = "<group>";
		};
		899D45E325CB940800F5118D /* Resource */ = {
			isa = PBXGroup;
			children = (
				899D45E925CB957F00F5118D /* answers.json */,
				899D45E825CB957F00F5118D /* questions.json */,
				899D45BF25CB733400F5118D /* Assets.xcassets */,
			);
			path = Resource;
			sourceTree = "<group>";
		};
		899D45F025CB9B6300F5118D /* UI */ = {
			isa = PBXGroup;
			children = (
				899D45F325CB9B8D00F5118D /* Home */,
				899D45D025CB7A4E00F5118D /* Component */,
			);
			path = UI;
			sourceTree = "<group>";
		};
		899D45F325CB9B8D00F5118D /* Home */ = {
			isa = PBXGroup;
			children = (
				899D45BD25CB733400F5118D /* HomeScreen.swift */,
				899D45F525CB9BEC00F5118D /* HomeViewModel.swift */,
			);
			path = Home;
			sourceTree = "<group>";
		};
		899D45F825CB9C4200F5118D /* Data */ = {
			isa = PBXGroup;
			children = (
				899D45FA25CB9C5B00F5118D /* SPWRepository.swift */,
			);
			path = Data;
			sourceTree = "<group>";
		};
/* End PBXGroup section */

/* Begin PBXNativeTarget section */
		899D45B725CB733300F5118D /* SwiftUI Property Wrapper */ = {
			isa = PBXNativeTarget;
			buildConfigurationList = 899D45C725CB733400F5118D /* Build configuration list for PBXNativeTarget "SwiftUI Property Wrapper" */;
			buildPhases = (
				899D45B425CB733300F5118D /* Sources */,
				899D45B525CB733300F5118D /* Frameworks */,
				899D45B625CB733300F5118D /* Resources */,
			);
			buildRules = (
			);
			dependencies = (
			);
			name = "SwiftUI Property Wrapper";
			productName = "SwiftUI Property Wrapper";
			productReference = 899D45B825CB733400F5118D /* SwiftUI Property Wrapper.app */;
			productType = "com.apple.product-type.application";
		};
/* End PBXNativeTarget section */

/* Begin PBXProject section */
		899D45B025CB733300F5118D /* Project object */ = {
			isa = PBXProject;
			attributes = {
				LastSwiftUpdateCheck = 1240;
				LastUpgradeCheck = 1240;
				TargetAttributes = {
					899D45B725CB733300F5118D = {
						CreatedOnToolsVersion = 12.4;
					};
				};
			};
			buildConfigurationList = 899D45B325CB733300F5118D /* Build configuration list for PBXProject "SwiftUI Property Wrapper" */;
			compatibilityVersion = "Xcode 9.3";
			developmentRegion = en;
			hasScannedForEncodings = 0;
			knownRegions = (
				en,
				Base,
			);
			mainGroup = 899D45AF25CB733300F5118D;
			productRefGroup = 899D45B925CB733400F5118D /* Products */;
			projectDirPath = "";
			projectRoot = "";
			targets = (
				899D45B725CB733300F5118D /* SwiftUI Property Wrapper */,
			);
		};
/* End PBXProject section */

/* Begin PBXResourcesBuildPhase section */
		899D45B625CB733300F5118D /* Resources */ = {
			isa = PBXResourcesBuildPhase;
			buildActionMask = 2147483647;
			files = (
				899D45C025CB733400F5118D /* Assets.xcassets in Resources */,
				899D45EB25CB957F00F5118D /* answers.json in Resources */,
				899D45EA25CB957F00F5118D /* questions.json in Resources */,
			);
			runOnlyForDeploymentPostprocessing = 0;
		};
/* End PBXResourcesBuildPhase section */

/* Begin PBXSourcesBuildPhase section */
		899D45B425CB733300F5118D /* Sources */ = {
			isa = PBXSourcesBuildPhase;
			buildActionMask = 2147483647;
			files = (
				899D45E125CB87B400F5118D /* Option.swift in Sources */,
				899D45D625CB81A500F5118D /* SPWButton.swift in Sources */,
				899D45BE25CB733400F5118D /* HomeScreen.swift in Sources */,
				899D45F625CB9BEC00F5118D /* HomeViewModel.swift in Sources */,
				899D45D225CB7A5C00F5118D /* Line.swift in Sources */,
				899D45DE25CB873200F5118D /* Answer.swift in Sources */,
				899D45DA25CB872500F5118D /* Question.swift in Sources */,
				899D45CD25CB75D600F5118D /* Color+Extension.swift in Sources */,
				899D45FB25CB9C5B00F5118D /* SPWRepository.swift in Sources */,
				899D45EE25CB978A00F5118D /* OptionView.swift in Sources */,
				899D45BC25CB733400F5118D /* SPWApp.swift in Sources */,
			);
			runOnlyForDeploymentPostprocessing = 0;
		};
/* End PBXSourcesBuildPhase section */

/* Begin XCBuildConfiguration section */
		899D45C525CB733400F5118D /* Debug */ = {
			isa = XCBuildConfiguration;
			buildSettings = {
				ALWAYS_SEARCH_USER_PATHS = NO;
				CLANG_ANALYZER_NONNULL = YES;
				CLANG_ANALYZER_NUMBER_OBJECT_CONVERSION = YES_AGGRESSIVE;
				CLANG_CXX_LANGUAGE_STANDARD = "gnu++14";
				CLANG_CXX_LIBRARY = "libc++";
				CLANG_ENABLE_MODULES = YES;
				CLANG_ENABLE_OBJC_ARC = YES;
				CLANG_ENABLE_OBJC_WEAK = YES;
				CLANG_WARN_BLOCK_CAPTURE_AUTORELEASING = YES;
				CLANG_WARN_BOOL_CONVERSION = YES;
				CLANG_WARN_COMMA = YES;
				CLANG_WARN_CONSTANT_CONVERSION = YES;
				CLANG_WARN_DEPRECATED_OBJC_IMPLEMENTATIONS = YES;
				CLANG_WARN_DIRECT_OBJC_ISA_USAGE = YES_ERROR;
				CLANG_WARN_DOCUMENTATION_COMMENTS = YES;
				CLANG_WARN_EMPTY_BODY = YES;
				CLANG_WARN_ENUM_CONVERSION = YES;
				CLANG_WARN_INFINITE_RECURSION = YES;
				CLANG_WARN_INT_CONVERSION = YES;
				CLANG_WARN_NON_LITERAL_NULL_CONVERSION = YES;
				CLANG_WARN_OBJC_IMPLICIT_RETAIN_SELF = YES;
				CLANG_WARN_OBJC_LITERAL_CONVERSION = YES;
				CLANG_WARN_OBJC_ROOT_CLASS = YES_ERROR;
				CLANG_WARN_QUOTED_INCLUDE_IN_FRAMEWORK_HEADER = YES;
				CLANG_WARN_RANGE_LOOP_ANALYSIS = YES;
				CLANG_WARN_STRICT_PROTOTYPES = YES;
				CLANG_WARN_SUSPICIOUS_MOVE = YES;
				CLANG_WARN_UNGUARDED_AVAILABILITY = YES_AGGRESSIVE;
				CLANG_WARN_UNREACHABLE_CODE = YES;
				CLANG_WARN__DUPLICATE_METHOD_MATCH = YES;
				COPY_PHASE_STRIP = NO;
				DEBUG_INFORMATION_FORMAT = dwarf;
				ENABLE_STRICT_OBJC_MSGSEND = YES;
				ENABLE_TESTABILITY = YES;
				GCC_C_LANGUAGE_STANDARD = gnu11;
				GCC_DYNAMIC_NO_PIC = NO;
				GCC_NO_COMMON_BLOCKS = YES;
				GCC_OPTIMIZATION_LEVEL = 0;
				GCC_PREPROCESSOR_DEFINITIONS = (
					"DEBUG=1",
					"$(inherited)",
				);
				GCC_WARN_64_TO_32_BIT_CONVERSION = YES;
				GCC_WARN_ABOUT_RETURN_TYPE = YES_ERROR;
				GCC_WARN_UNDECLARED_SELECTOR = YES;
				GCC_WARN_UNINITIALIZED_AUTOS = YES_AGGRESSIVE;
				GCC_WARN_UNUSED_FUNCTION = YES;
				GCC_WARN_UNUSED_VARIABLE = YES;
				IPHONEOS_DEPLOYMENT_TARGET = 14.4;
				MTL_ENABLE_DEBUG_INFO = INCLUDE_SOURCE;
				MTL_FAST_MATH = YES;
				ONLY_ACTIVE_ARCH = YES;
				SDKROOT = iphoneos;
				SWIFT_ACTIVE_COMPILATION_CONDITIONS = DEBUG;
				SWIFT_OPTIMIZATION_LEVEL = "-Onone";
			};
			name = Debug;
		};
		899D45C625CB733400F5118D /* Release */ = {
			isa = XCBuildConfiguration;
			buildSettings = {
				ALWAYS_SEARCH_USER_PATHS = NO;
				CLANG_ANALYZER_NONNULL = YES;
				CLANG_ANALYZER_NUMBER_OBJECT_CONVERSION = YES_AGGRESSIVE;
				CLANG_CXX_LANGUAGE_STANDARD = "gnu++14";
				CLANG_CXX_LIBRARY = "libc++";
				CLANG_ENABLE_MODULES = YES;
				CLANG_ENABLE_OBJC_ARC = YES;
				CLANG_ENABLE_OBJC_WEAK = YES;
				CLANG_WARN_BLOCK_CAPTURE_AUTORELEASING = YES;
				CLANG_WARN_BOOL_CONVERSION = YES;
				CLANG_WARN_COMMA = YES;
				CLANG_WARN_CONSTANT_CONVERSION = YES;
				CLANG_WARN_DEPRECATED_OBJC_IMPLEMENTATIONS = YES;
				CLANG_WARN_DIRECT_OBJC_ISA_USAGE = YES_ERROR;
				CLANG_WARN_DOCUMENTATION_COMMENTS = YES;
				CLANG_WARN_EMPTY_BODY = YES;
				CLANG_WARN_ENUM_CONVERSION = YES;
				CLANG_WARN_INFINITE_RECURSION = YES;
				CLANG_WARN_INT_CONVERSION = YES;
				CLANG_WARN_NON_LITERAL_NULL_CONVERSION = YES;
				CLANG_WARN_OBJC_IMPLICIT_RETAIN_SELF = YES;
				CLANG_WARN_OBJC_LITERAL_CONVERSION = YES;
				CLANG_WARN_OBJC_ROOT_CLASS = YES_ERROR;
				CLANG_WARN_QUOTED_INCLUDE_IN_FRAMEWORK_HEADER = YES;
				CLANG_WARN_RANGE_LOOP_ANALYSIS = YES;
				CLANG_WARN_STRICT_PROTOTYPES = YES;
				CLANG_WARN_SUSPICIOUS_MOVE = YES;
				CLANG_WARN_UNGUARDED_AVAILABILITY = YES_AGGRESSIVE;
				CLANG_WARN_UNREACHABLE_CODE = YES;
				CLANG_WARN__DUPLICATE_METHOD_MATCH = YES;
				COPY_PHASE_STRIP = NO;
				DEBUG_INFORMATION_FORMAT = "dwarf-with-dsym";
				ENABLE_NS_ASSERTIONS = NO;
				ENABLE_STRICT_OBJC_MSGSEND = YES;
				GCC_C_LANGUAGE_STANDARD = gnu11;
				GCC_NO_COMMON_BLOCKS = YES;
				GCC_WARN_64_TO_32_BIT_CONVERSION = YES;
				GCC_WARN_ABOUT_RETURN_TYPE = YES_ERROR;
				GCC_WARN_UNDECLARED_SELECTOR = YES;
				GCC_WARN_UNINITIALIZED_AUTOS = YES_AGGRESSIVE;
				GCC_WARN_UNUSED_FUNCTION = YES;
				GCC_WARN_UNUSED_VARIABLE = YES;
				IPHONEOS_DEPLOYMENT_TARGET = 14.4;
				MTL_ENABLE_DEBUG_INFO = NO;
				MTL_FAST_MATH = YES;
				SDKROOT = iphoneos;
				SWIFT_COMPILATION_MODE = wholemodule;
				SWIFT_OPTIMIZATION_LEVEL = "-O";
				VALIDATE_PRODUCT = YES;
			};
			name = Release;
		};
		899D45C825CB733400F5118D /* Debug */ = {
			isa = XCBuildConfiguration;
			buildSettings = {
				ASSETCATALOG_COMPILER_APPICON_NAME = AppIcon;
				ASSETCATALOG_COMPILER_GLOBAL_ACCENT_COLOR_NAME = AccentColor;
				CODE_SIGN_STYLE = Automatic;
				DEVELOPMENT_ASSET_PATHS = "";
				DEVELOPMENT_TEAM = 4UDSZ3HFA2;
				ENABLE_PREVIEWS = YES;
				INFOPLIST_FILE = "SwiftUI Property Wrapper/Info.plist";
				IPHONEOS_DEPLOYMENT_TARGET = 14.0;
				LD_RUNPATH_SEARCH_PATHS = (
					"$(inherited)",
					"@executable_path/Frameworks",
				);
				PRODUCT_BUNDLE_IDENTIFIER = "io.github.zoha131.SwiftUI-Property-Wrapper";
				PRODUCT_NAME = "$(TARGET_NAME)";
				SWIFT_VERSION = 5.0;
				TARGETED_DEVICE_FAMILY = "1,2";
			};
			name = Debug;
		};
		899D45C925CB733400F5118D /* Release */ = {
			isa = XCBuildConfiguration;
			buildSettings = {
				ASSETCATALOG_COMPILER_APPICON_NAME = AppIcon;
				ASSETCATALOG_COMPILER_GLOBAL_ACCENT_COLOR_NAME = AccentColor;
				CODE_SIGN_STYLE = Automatic;
				DEVELOPMENT_ASSET_PATHS = "";
				DEVELOPMENT_TEAM = 4UDSZ3HFA2;
				ENABLE_PREVIEWS = YES;
				INFOPLIST_FILE = "SwiftUI Property Wrapper/Info.plist";
				IPHONEOS_DEPLOYMENT_TARGET = 14.0;
				LD_RUNPATH_SEARCH_PATHS = (
					"$(inherited)",
					"@executable_path/Frameworks",
				);
				PRODUCT_BUNDLE_IDENTIFIER = "io.github.zoha131.SwiftUI-Property-Wrapper";
				PRODUCT_NAME = "$(TARGET_NAME)";
				SWIFT_VERSION = 5.0;
				TARGETED_DEVICE_FAMILY = "1,2";
			};
			name = Release;
		};
/* End XCBuildConfiguration section */

/* Begin XCConfigurationList section */
		899D45B325CB733300F5118D /* Build configuration list for PBXProject "SwiftUI Property Wrapper" */ = {
			isa = XCConfigurationList;
			buildConfigurations = (
				899D45C525CB733400F5118D /* Debug */,
				899D45C625CB733400F5118D /* Release */,
			);
			defaultConfigurationIsVisible = 0;
			defaultConfigurationName = Release;
		};
		899D45C725CB733400F5118D /* Build configuration list for PBXNativeTarget "SwiftUI Property Wrapper" */ = {
			isa = XCConfigurationList;
			buildConfigurations = (
				899D45C825CB733400F5118D /* Debug */,
				899D45C925CB733400F5118D /* Release */,
			);
			defaultConfigurationIsVisible = 0;
			defaultConfigurationName = Release;
		};
/* End XCConfigurationList section */
	};
	rootObject = 899D45B025CB733300F5118D /* Project object */;
}
